
Microsoft Visual Studio Solution File, Format Version 12.00
# Visual Studio Version 17
VisualStudioVersion = 17.7.34031.279
MinimumVisualStudioVersion = 10.0.40219.1
Project("{FAE04EC0-301F-11D3-BF4B-00C04F79EFBC}") = "Practical4", "Practical4.csproj", "{3AB2BE33-B778-40C9-B9DA-D8B48B21AA7D}"
EndProject
Global
	GlobalSection(SolutionConfigurationPlatforms) = preSolution
		Debug|Any CPU = Debug|Any CPU
		Release|Any CPU = Release|Any CPU
	EndGlobalSection
	GlobalSection(ProjectConfigurationPlatforms) = postSolution
		{3AB2BE33-B778-40C9-B9DA-D8B48B21AA7D}.Debug|Any CPU.ActiveCfg = Debug|Any CPU
		{3AB2BE33-B778-40C9-B9DA-D8B48B21AA7D}.Debug|Any CPU.Build.0 = Debug|Any CPU
		{3AB2BE33-B778-40C9-B9DA-D8B48B21AA7D}.Release|Any CPU.ActiveCfg = Release|Any CPU
		{3AB2BE33-B778-40C9-B9DA-D8B48B21AA7D}.Release|Any CPU.Build.0 = Release|Any CPU
	EndGlobalSection
	GlobalSection(SolutionProperties) = preSolution
		HideSolutionNode = FALSE
	EndGlobalSection
	GlobalSection(ExtensibilityGlobals) = postSolution
		SolutionGuid = {EA2855E7-9954-49ED-A342-BDE0B88959D1}
	EndGlobalSection
EndGlobal
